
Microsoft Visual Studio Solution File, Format Version 12.00
# Visual Studio Version 17
VisualStudioVersion = 17.8.34511.84
MinimumVisualStudioVersion = 10.0.40219.1
Project("{9A19103F-16F7-4668-BE54-9A1E7A4F7556}") = "Business.Case.Raizen.Api", "Business.Case.Raizen.Api.csproj", "{AA19143B-253C-4F16-BA51-B24ADDBA3180}"
EndProject
Project("{FAE04EC0-301F-11D3-BF4B-00C04F79EFBC}") = "Business.Case.Raizen.DB", "..\Business.Case.Raizen.DB\Business.Case.Raizen.DB.csproj", "{2DBC90D1-BDA7-49A2-9CE7-7A1D379A35FE}"
EndProject
Global
	GlobalSection(SolutionConfigurationPlatforms) = preSolution
		Debug|Any CPU = Debug|Any CPU
		Release|Any CPU = Release|Any CPU
	EndGlobalSection
	GlobalSection(ProjectConfigurationPlatforms) = postSolution
		{AA19143B-253C-4F16-BA51-B24ADDBA3180}.Debug|Any CPU.ActiveCfg = Debug|Any CPU
		{AA19143B-253C-4F16-BA51-B24ADDBA3180}.Debug|Any CPU.Build.0 = Debug|Any CPU
		{AA19143B-253C-4F16-BA51-B24ADDBA3180}.Release|Any CPU.ActiveCfg = Release|Any CPU
		{AA19143B-253C-4F16-BA51-B24ADDBA3180}.Release|Any CPU.Build.0 = Release|Any CPU
		{2DBC90D1-BDA7-49A2-9CE7-7A1D379A35FE}.Debug|Any CPU.ActiveCfg = Debug|Any CPU
		{2DBC90D1-BDA7-49A2-9CE7-7A1D379A35FE}.Debug|Any CPU.Build.0 = Debug|Any CPU
		{2DBC90D1-BDA7-49A2-9CE7-7A1D379A35FE}.Release|Any CPU.ActiveCfg = Release|Any CPU
		{2DBC90D1-BDA7-49A2-9CE7-7A1D379A35FE}.Release|Any CPU.Build.0 = Release|Any CPU
	EndGlobalSection
	GlobalSection(SolutionProperties) = preSolution
		HideSolutionNode = FALSE
	EndGlobalSection
	GlobalSection(ExtensibilityGlobals) = postSolution
		SolutionGuid = {D3D1EB61-4192-4BE7-A649-14B54F82AE10}
	EndGlobalSection
EndGlobal
